
Microsoft Visual Studio Solution File, Format Version 12.00
# Visual Studio Version 17
VisualStudioVersion = 17.10.35027.167
MinimumVisualStudioVersion = 10.0.40219.1
Project("{FAE04EC0-301F-11D3-BF4B-00C04F79EFBC}") = "DompifyAPI", "DompifyAPI.csproj", "{42D50DF9-CC6C-4D92-9CB5-157C552A2405}"
EndProject
Global
	GlobalSection(SolutionConfigurationPlatforms) = preSolution
		Debug|Any CPU = Debug|Any CPU
		Release|Any CPU = Release|Any CPU
	EndGlobalSection
	GlobalSection(ProjectConfigurationPlatforms) = postSolution
		{42D50DF9-CC6C-4D92-9CB5-157C552A2405}.Debug|Any CPU.ActiveCfg = Debug|Any CPU
		{42D50DF9-CC6C-4D92-9CB5-157C552A2405}.Debug|Any CPU.Build.0 = Debug|Any CPU
		{42D50DF9-CC6C-4D92-9CB5-157C552A2405}.Release|Any CPU.ActiveCfg = Release|Any CPU
		{42D50DF9-CC6C-4D92-9CB5-157C552A2405}.Release|Any CPU.Build.0 = Release|Any CPU
	EndGlobalSection
	GlobalSection(SolutionProperties) = preSolution
		HideSolutionNode = FALSE
	EndGlobalSection
	GlobalSection(ExtensibilityGlobals) = postSolution
		SolutionGuid = {291D23BC-18DB-4528-9D98-5FEC384BE76A}
	EndGlobalSection
EndGlobal
